
Microsoft Visual Studio Solution File, Format Version 12.00
# Visual Studio Version 17
VisualStudioVersion = 17.7.34031.279
MinimumVisualStudioVersion = 10.0.40219.1
Project("{FAE04EC0-301F-11D3-BF4B-00C04F79EFBC}") = "Calculadora", "Calculadora\Calculadora.csproj", "{88863C2B-3E27-450A-82ED-A202AE8B1FF3}"
EndProject
Project("{FAE04EC0-301F-11D3-BF4B-00C04F79EFBC}") = "Calculadora_Bucle", "Calculadora_Bucle\Calculadora_Bucle.csproj", "{A8D0C426-FDEB-44A1-99B8-8D372EC083DF}"
EndProject
Global
	GlobalSection(SolutionConfigurationPlatforms) = preSolution
		Debug|Any CPU = Debug|Any CPU
		Release|Any CPU = Release|Any CPU
	EndGlobalSection
	GlobalSection(ProjectConfigurationPlatforms) = postSolution
		{88863C2B-3E27-450A-82ED-A202AE8B1FF3}.Debug|Any CPU.ActiveCfg = Debug|Any CPU
		{88863C2B-3E27-450A-82ED-A202AE8B1FF3}.Debug|Any CPU.Build.0 = Debug|Any CPU
		{88863C2B-3E27-450A-82ED-A202AE8B1FF3}.Release|Any CPU.ActiveCfg = Release|Any CPU
		{88863C2B-3E27-450A-82ED-A202AE8B1FF3}.Release|Any CPU.Build.0 = Release|Any CPU
		{A8D0C426-FDEB-44A1-99B8-8D372EC083DF}.Debug|Any CPU.ActiveCfg = Debug|Any CPU
		{A8D0C426-FDEB-44A1-99B8-8D372EC083DF}.Debug|Any CPU.Build.0 = Debug|Any CPU
		{A8D0C426-FDEB-44A1-99B8-8D372EC083DF}.Release|Any CPU.ActiveCfg = Release|Any CPU
		{A8D0C426-FDEB-44A1-99B8-8D372EC083DF}.Release|Any CPU.Build.0 = Release|Any CPU
	EndGlobalSection
	GlobalSection(SolutionProperties) = preSolution
		HideSolutionNode = FALSE
	EndGlobalSection
	GlobalSection(ExtensibilityGlobals) = postSolution
		SolutionGuid = {A85F9B23-C29A-4227-BE64-B32ACD222CF9}
	EndGlobalSection
EndGlobal
